{
  "version": 4,
  "terraform_version": "1.4.0",
  "serial": 268,
  "lineage": "211ce325-d795-1acb-0894-044c7f19fcb4",
  "outputs": {},
  "resources": [
    {
      "mode": "data",
      "type": "aws_ami",
      "name": "chama_ami",
      "provider": "provider[\"registry.terraform.io/hashicorp/aws\"]",
      "instances": [
        {
          "schema_version": 0,
          "attributes": {
            "architecture": "x86_64",
            "arn": "arn:aws:ec2:eu-west-1::image/ami-093455180bd7d9daa",
            "block_device_mappings": [
              {
                "device_name": "/dev/sda1",
                "ebs": {
                  "delete_on_termination": "true",
                  "encrypted": "false",
                  "iops": "0",
                  "snapshot_id": "snap-03dfc24f8483325f7",
                  "throughput": "0",
                  "volume_size": "8",
                  "volume_type": "gp2"
                },
                "no_device": "",
                "virtual_name": ""
              },
              {
                "device_name": "/dev/sdb",
                "ebs": {},
                "no_device": "",
                "virtual_name": "ephemeral0"
              },
              {
                "device_name": "/dev/sdc",
                "ebs": {},
                "no_device": "",
                "virtual_name": "ephemeral1"
              }
            ],
            "boot_mode": "legacy-bios",
            "creation_date": "2023-04-28T02:59:51.000Z",
            "deprecation_time": "2025-04-28T02:59:51.000Z",
            "description": "Canonical, Ubuntu, 22.04 LTS, amd64 jammy image build on 2023-04-28",
            "ena_support": true,
            "executable_users": null,
            "filter": [
              {
                "name": "name",
                "values": [
                  "ubuntu/images/hvm-ssd/ubuntu-jammy-22.04-amd64-server-*"
                ]
              }
            ],
            "hypervisor": "xen",
            "id": "ami-093455180bd7d9daa",
            "image_id": "ami-093455180bd7d9daa",
            "image_location": "amazon/ubuntu/images/hvm-ssd/ubuntu-jammy-22.04-amd64-server-20230428",
            "image_owner_alias": "amazon",
            "image_type": "machine",
            "imds_support": "",
            "include_deprecated": false,
            "kernel_id": "",
            "most_recent": true,
            "name": "ubuntu/images/hvm-ssd/ubuntu-jammy-22.04-amd64-server-20230428",
            "name_regex": null,
            "owner_id": "099720109477",
            "owners": [
              "099720109477"
            ],
            "platform": "",
            "platform_details": "Linux/UNIX",
            "product_codes": [],
            "public": true,
            "ramdisk_id": "",
            "root_device_name": "/dev/sda1",
            "root_device_type": "ebs",
            "root_snapshot_id": "snap-03dfc24f8483325f7",
            "sriov_net_support": "simple",
            "state": "available",
            "state_reason": {
              "code": "UNSET",
              "message": "UNSET"
            },
            "tags": {},
            "timeouts": null,
            "tpm_support": "",
            "usage_operation": "RunInstances",
            "virtualization_type": "hvm"
          },
          "sensitive_attributes": []
        }
      ]
    },
    {
      "mode": "managed",
      "type": "aws_internet_gateway",
      "name": "mtc_internet_gateway",
      "provider": "provider[\"registry.terraform.io/hashicorp/aws\"]",
      "instances": [
        {
          "schema_version": 0,
          "attributes": {
            "arn": "arn:aws:ec2:eu-west-1:266049037585:internet-gateway/igw-08173db7c7dd213a1",
            "id": "igw-08173db7c7dd213a1",
            "owner_id": "266049037585",
            "tags": {
              "Name": "dev_internet_gateway"
            },
            "tags_all": {
              "Name": "dev_internet_gateway"
            },
            "timeouts": null,
            "vpc_id": "vpc-0352ed3240886e3a0"
          },
          "sensitive_attributes": [],
          "private": "eyJlMmJmYjczMC1lY2FhLTExZTYtOGY4OC0zNDM2M2JjN2M0YzAiOnsiY3JlYXRlIjoxMjAwMDAwMDAwMDAwLCJkZWxldGUiOjEyMDAwMDAwMDAwMDAsInVwZGF0ZSI6MTIwMDAwMDAwMDAwMH19",
          "dependencies": [
            "aws_vpc.chama_dev_vpc"
          ]
        }
      ]
    },
    {
      "mode": "managed",
      "type": "aws_route",
      "name": "default_route",
      "provider": "provider[\"registry.terraform.io/hashicorp/aws\"]",
      "instances": [
        {
          "schema_version": 0,
          "attributes": {
            "carrier_gateway_id": "",
            "core_network_arn": "",
            "destination_cidr_block": "0.0.0.0/0",
            "destination_ipv6_cidr_block": "",
            "destination_prefix_list_id": "",
            "egress_only_gateway_id": "",
            "gateway_id": "igw-08173db7c7dd213a1",
            "id": "r-rtb-0d40082293f9a61121080289494",
            "instance_id": "",
            "instance_owner_id": "",
            "local_gateway_id": "",
            "nat_gateway_id": "",
            "network_interface_id": "",
            "origin": "CreateRoute",
            "route_table_id": "rtb-0d40082293f9a6112",
            "state": "active",
            "timeouts": null,
            "transit_gateway_id": "",
            "vpc_endpoint_id": "",
            "vpc_peering_connection_id": ""
          },
          "sensitive_attributes": [],
          "private": "eyJlMmJmYjczMC1lY2FhLTExZTYtOGY4OC0zNDM2M2JjN2M0YzAiOnsiY3JlYXRlIjozMDAwMDAwMDAwMDAsImRlbGV0ZSI6MzAwMDAwMDAwMDAwLCJ1cGRhdGUiOjEyMDAwMDAwMDAwMH19",
          "dependencies": [
            "aws_internet_gateway.mtc_internet_gateway",
            "aws_route_table.mtc_public_rt",
            "aws_vpc.chama_dev_vpc"
          ]
        }
      ]
    },
    {
      "mode": "managed",
      "type": "aws_route_table",
      "name": "mtc_public_rt",
      "provider": "provider[\"registry.terraform.io/hashicorp/aws\"]",
      "instances": [
        {
          "schema_version": 0,
          "attributes": {
            "arn": "arn:aws:ec2:eu-west-1:266049037585:route-table/rtb-0d40082293f9a6112",
            "id": "rtb-0d40082293f9a6112",
            "owner_id": "266049037585",
            "propagating_vgws": [],
            "route": [
              {
                "carrier_gateway_id": "",
                "cidr_block": "0.0.0.0/0",
                "core_network_arn": "",
                "destination_prefix_list_id": "",
                "egress_only_gateway_id": "",
                "gateway_id": "igw-08173db7c7dd213a1",
                "instance_id": "",
                "ipv6_cidr_block": "",
                "local_gateway_id": "",
                "nat_gateway_id": "",
                "network_interface_id": "",
                "transit_gateway_id": "",
                "vpc_endpoint_id": "",
                "vpc_peering_connection_id": ""
              }
            ],
            "tags": {
              "Name": "dev_public_rt"
            },
            "tags_all": {
              "Name": "dev_public_rt"
            },
            "timeouts": null,
            "vpc_id": "vpc-0352ed3240886e3a0"
          },
          "sensitive_attributes": [],
          "private": "eyJlMmJmYjczMC1lY2FhLTExZTYtOGY4OC0zNDM2M2JjN2M0YzAiOnsiY3JlYXRlIjozMDAwMDAwMDAwMDAsImRlbGV0ZSI6MzAwMDAwMDAwMDAwLCJ1cGRhdGUiOjEyMDAwMDAwMDAwMH19",
          "dependencies": [
            "aws_vpc.chama_dev_vpc"
          ]
        }
      ]
    },
    {
      "mode": "managed",
      "type": "aws_route_table_association",
      "name": "mtc_public_assoc_a",
      "provider": "provider[\"registry.terraform.io/hashicorp/aws\"]",
      "instances": [
        {
          "schema_version": 0,
          "attributes": {
            "gateway_id": "",
            "id": "rtbassoc-08b8f141930f4b7ee",
            "route_table_id": "rtb-0d40082293f9a6112",
            "subnet_id": "subnet-071af213b506519c6",
            "timeouts": null
          },
          "sensitive_attributes": [],
          "private": "bnVsbA==",
          "dependencies": [
            "aws_route_table.mtc_public_rt",
            "aws_vpc.chama_dev_vpc",
            "module.public_subnet.aws_subnet.mtc_public_subnet"
          ]
        }
      ]
    },
    {
      "mode": "managed",
      "type": "aws_vpc",
      "name": "chama_dev_vpc",
      "provider": "provider[\"registry.terraform.io/hashicorp/aws\"]",
      "instances": [
        {
          "schema_version": 1,
          "attributes": {
            "arn": "arn:aws:ec2:eu-west-1:266049037585:vpc/vpc-0352ed3240886e3a0",
            "assign_generated_ipv6_cidr_block": false,
            "cidr_block": "10.123.0.0/16",
            "default_network_acl_id": "acl-00b457edac5b7df48",
            "default_route_table_id": "rtb-0a0ecada07bbea84a",
            "default_security_group_id": "sg-043fc48d5e1853bf4",
            "dhcp_options_id": "dopt-01fb41557d31d5617",
            "enable_classiclink": false,
            "enable_classiclink_dns_support": false,
            "enable_dns_hostnames": true,
            "enable_dns_support": true,
            "enable_network_address_usage_metrics": false,
            "id": "vpc-0352ed3240886e3a0",
            "instance_tenancy": "default",
            "ipv4_ipam_pool_id": null,
            "ipv4_netmask_length": null,
            "ipv6_association_id": "",
            "ipv6_cidr_block": "",
            "ipv6_cidr_block_network_border_group": "",
            "ipv6_ipam_pool_id": "",
            "ipv6_netmask_length": 0,
            "main_route_table_id": "rtb-0a0ecada07bbea84a",
            "owner_id": "266049037585",
            "tags": {
              "Name": "dev"
            },
            "tags_all": {
              "Name": "dev"
            }
          },
          "sensitive_attributes": [],
          "private": "eyJzY2hlbWFfdmVyc2lvbiI6IjEifQ=="
        }
      ]
    },
    {
      "mode": "managed",
      "type": "local_file",
      "name": "ansible_inventory",
      "provider": "provider[\"registry.terraform.io/hashicorp/local\"]",
      "instances": [
        {
          "schema_version": 0,
          "attributes": {
            "content": "54.154.216.32",
            "content_base64": null,
            "content_base64sha256": "JDiBC+dyBGldwvVClXN7zIwNq2EVfN+mozuowx/maDI=",
            "content_base64sha512": "QvVud2YgCr0QMJzGpJjLCZao0lxwuC3rQ5JYDfe7UJ8dD4WIYrekz0jEn4Ly+RieqKHVypQUHXw063IYXSTxIw==",
            "content_md5": "cf6b55c3dba1f26a57b4be16dc57bd40",
            "content_sha1": "e0f8f4fa8ecb161fa72ef3a91a49570f7ddd9d97",
            "content_sha256": "2438810be77204695dc2f54295737bcc8c0dab61157cdfa6a33ba8c31fe66832",
            "content_sha512": "42f56e7766200abd10309cc6a498cb0996a8d25c70b82deb4392580df7bb509f1d0f858862b7a4cf48c49f82f2f9189ea8a1d5ca94141d7c34eb72185d24f123",
            "directory_permission": "0777",
            "file_permission": "0777",
            "filename": "_ansible/ansible_inventory.txt",
            "id": "e0f8f4fa8ecb161fa72ef3a91a49570f7ddd9d97",
            "sensitive_content": null,
            "source": null
          },
          "sensitive_attributes": [],
          "dependencies": [
            "module.chama_api_server_dev.aws_instance.ec2_web_server_dev_node"
          ]
        }
      ]
    },
    {
      "module": "module.chama_api_server_dev",
      "mode": "managed",
      "type": "aws_instance",
      "name": "ec2_web_server_dev_node",
      "provider": "provider[\"registry.terraform.io/hashicorp/aws\"]",
      "instances": [
        {
          "schema_version": 1,
          "attributes": {
            "ami": "ami-093455180bd7d9daa",
            "arn": "arn:aws:ec2:eu-west-1:266049037585:instance/i-048f317b952c88511",
            "associate_public_ip_address": true,
            "availability_zone": "eu-west-1c",
            "capacity_reservation_specification": [
              {
                "capacity_reservation_preference": "open",
                "capacity_reservation_target": []
              }
            ],
            "cpu_core_count": 1,
            "cpu_threads_per_core": 2,
            "credit_specification": [
              {
                "cpu_credits": "unlimited"
              }
            ],
            "disable_api_stop": false,
            "disable_api_termination": false,
            "ebs_block_device": [],
            "ebs_optimized": false,
            "enclave_options": [
              {
                "enabled": false
              }
            ],
            "ephemeral_block_device": [],
            "get_password_data": false,
            "hibernation": false,
            "host_id": "",
            "host_resource_group_arn": null,
            "iam_instance_profile": "",
            "id": "i-048f317b952c88511",
            "instance_initiated_shutdown_behavior": "stop",
            "instance_state": "running",
            "instance_type": "t3.micro",
            "ipv6_address_count": 0,
            "ipv6_addresses": [],
            "key_name": "mtckey",
            "launch_template": [],
            "maintenance_options": [
              {
                "auto_recovery": "default"
              }
            ],
            "metadata_options": [
              {
                "http_endpoint": "enabled",
                "http_put_response_hop_limit": 1,
                "http_tokens": "optional",
                "instance_metadata_tags": "disabled"
              }
            ],
            "monitoring": false,
            "network_interface": [],
            "outpost_arn": "",
            "password_data": "",
            "placement_group": "",
            "placement_partition_number": 0,
            "primary_network_interface_id": "eni-062a4c47bdab392a8",
            "private_dns": "ip-10-123-1-195.eu-west-1.compute.internal",
            "private_dns_name_options": [
              {
                "enable_resource_name_dns_a_record": false,
                "enable_resource_name_dns_aaaa_record": false,
                "hostname_type": "ip-name"
              }
            ],
            "private_ip": "10.123.1.195",
            "public_dns": "ec2-54-154-216-32.eu-west-1.compute.amazonaws.com",
            "public_ip": "54.154.216.32",
            "root_block_device": [
              {
                "delete_on_termination": true,
                "device_name": "/dev/sda1",
                "encrypted": false,
                "iops": 100,
                "kms_key_id": "",
                "tags": {},
                "throughput": 0,
                "volume_id": "vol-080cf32a5f41ee3ee",
                "volume_size": 10,
                "volume_type": "gp2"
              }
            ],
            "secondary_private_ips": [],
            "security_groups": [],
            "source_dest_check": true,
            "subnet_id": "subnet-071af213b506519c6",
            "tags": {
              "Name": "chama_api_server_dev"
            },
            "tags_all": {
              "Name": "chama_api_server_dev"
            },
            "tenancy": "default",
            "timeouts": null,
            "user_data": "905ee562ff90e22a26963c3c5932a31d86200405",
            "user_data_base64": null,
            "user_data_replace_on_change": false,
            "volume_tags": null,
            "vpc_security_group_ids": [
              "sg-01ecbb3d07a846cfe"
            ]
          },
          "sensitive_attributes": [],
          "private": "eyJlMmJmYjczMC1lY2FhLTExZTYtOGY4OC0zNDM2M2JjN2M0YzAiOnsiY3JlYXRlIjo2MDAwMDAwMDAwMDAsImRlbGV0ZSI6MTIwMDAwMDAwMDAwMCwidXBkYXRlIjo2MDAwMDAwMDAwMDB9LCJzY2hlbWFfdmVyc2lvbiI6IjEifQ==",
          "dependencies": [
            "aws_vpc.chama_dev_vpc",
            "data.aws_ami.chama_ami",
            "module.chama_api_server_dev.aws_key_pair.mtc_auth",
            "module.public_security_group_1.aws_security_group.mtc_sg",
            "module.public_subnet.aws_subnet.mtc_public_subnet"
          ]
        }
      ]
    },
    {
      "module": "module.chama_api_server_dev",
      "mode": "managed",
      "type": "aws_key_pair",
      "name": "mtc_auth",
      "provider": "provider[\"registry.terraform.io/hashicorp/aws\"]",
      "instances": [
        {
          "schema_version": 1,
          "attributes": {
            "arn": "arn:aws:ec2:eu-west-1:266049037585:key-pair/mtckey",
            "fingerprint": "v9ZXlY8Btdetht7j7A8HO2DoxCt+cE3DCS6GzPz4SgQ=",
            "id": "mtckey",
            "key_name": "mtckey",
            "key_name_prefix": "",
            "key_pair_id": "key-0f44270591869e2ea",
            "key_type": "ed25519",
            "public_key": "ssh-ed25519 AAAAC3NzaC1lZDI1NTE5AAAAIE7goBa1WTE3UtgheeBAFxdAa/K3L18R8+24Afbz2WdB stephenouma@SOuma.local",
            "tags": {},
            "tags_all": {}
          },
          "sensitive_attributes": [],
          "private": "eyJzY2hlbWFfdmVyc2lvbiI6IjEifQ=="
        }
      ]
    },
    {
      "module": "module.public_security_group_1",
      "mode": "managed",
      "type": "aws_security_group",
      "name": "mtc_sg",
      "provider": "provider[\"registry.terraform.io/hashicorp/aws\"]",
      "instances": [
        {
          "schema_version": 1,
          "attributes": {
            "arn": "arn:aws:ec2:eu-west-1:266049037585:security-group/sg-01ecbb3d07a846cfe",
            "description": "dev_security_group",
            "egress": [
              {
                "cidr_blocks": [
                  "0.0.0.0/0"
                ],
                "description": "",
                "from_port": 0,
                "ipv6_cidr_blocks": [
                  "::/0"
                ],
                "prefix_list_ids": [],
                "protocol": "-1",
                "security_groups": [],
                "self": false,
                "to_port": 0
              }
            ],
            "id": "sg-01ecbb3d07a846cfe",
            "ingress": [
              {
                "cidr_blocks": [
                  "197.237.29.246/32",
                  "212.22.165.237/32"
                ],
                "description": "",
                "from_port": 0,
                "ipv6_cidr_blocks": [],
                "prefix_list_ids": [],
                "protocol": "-1",
                "security_groups": [],
                "self": false,
                "to_port": 0
              }
            ],
            "name": "dev-sg",
            "name_prefix": "",
            "owner_id": "266049037585",
            "revoke_rules_on_delete": false,
            "tags": {},
            "tags_all": {},
            "timeouts": null,
            "vpc_id": "vpc-0352ed3240886e3a0"
          },
          "sensitive_attributes": [],
          "private": "eyJlMmJmYjczMC1lY2FhLTExZTYtOGY4OC0zNDM2M2JjN2M0YzAiOnsiY3JlYXRlIjo2MDAwMDAwMDAwMDAsImRlbGV0ZSI6OTAwMDAwMDAwMDAwfSwic2NoZW1hX3ZlcnNpb24iOiIxIn0=",
          "dependencies": [
            "aws_vpc.chama_dev_vpc"
          ]
        }
      ]
    },
    {
      "module": "module.public_subnet",
      "mode": "managed",
      "type": "aws_subnet",
      "name": "mtc_public_subnet",
      "provider": "provider[\"registry.terraform.io/hashicorp/aws\"]",
      "instances": [
        {
          "schema_version": 1,
          "attributes": {
            "arn": "arn:aws:ec2:eu-west-1:266049037585:subnet/subnet-071af213b506519c6",
            "assign_ipv6_address_on_creation": false,
            "availability_zone": "eu-west-1c",
            "availability_zone_id": "euw1-az3",
            "cidr_block": "10.123.1.0/24",
            "customer_owned_ipv4_pool": "",
            "enable_dns64": false,
            "enable_lni_at_device_index": 0,
            "enable_resource_name_dns_a_record_on_launch": false,
            "enable_resource_name_dns_aaaa_record_on_launch": false,
            "id": "subnet-071af213b506519c6",
            "ipv6_cidr_block": "",
            "ipv6_cidr_block_association_id": "",
            "ipv6_native": false,
            "map_customer_owned_ip_on_launch": false,
            "map_public_ip_on_launch": true,
            "outpost_arn": "",
            "owner_id": "266049037585",
            "private_dns_hostname_type_on_launch": "ip-name",
            "tags": {
              "Name": "dev_public_subnet"
            },
            "tags_all": {
              "Name": "dev_public_subnet"
            },
            "timeouts": null,
            "vpc_id": "vpc-0352ed3240886e3a0"
          },
          "sensitive_attributes": [],
          "private": "eyJlMmJmYjczMC1lY2FhLTExZTYtOGY4OC0zNDM2M2JjN2M0YzAiOnsiY3JlYXRlIjo2MDAwMDAwMDAwMDAsImRlbGV0ZSI6MTIwMDAwMDAwMDAwMH0sInNjaGVtYV92ZXJzaW9uIjoiMSJ9",
          "dependencies": [
            "aws_vpc.chama_dev_vpc"
          ]
        }
      ]
    },
    {
      "module": "module.start_ec2_instances",
      "mode": "data",
      "type": "archive_file",
      "name": "this",
      "provider": "provider[\"registry.terraform.io/hashicorp/archive\"]",
      "instances": [
        {
          "schema_version": 0,
          "attributes": {
            "excludes": null,
            "id": "62796abc5eccbbff2b0861ecc6baa853703075e1",
            "output_base64sha256": "tI//d0KIDuR2jrtN11euWOZxIJOUHeeQbCyR/BGcXWk=",
            "output_file_mode": null,
            "output_md5": "e546b4717122a255783c10a80f33252f",
            "output_path": ".terraform/modules/start_ec2_instances/dist/lambda-code.zip",
            "output_sha": "62796abc5eccbbff2b0861ecc6baa853703075e1",
            "output_size": 2399,
            "source": [],
            "source_content": null,
            "source_content_filename": null,
            "source_dir": ".terraform/modules/start_ec2_instances/lambda_function/dist/",
            "source_file": null,
            "type": "zip"
          },
          "sensitive_attributes": []
        }
      ]
    },
    {
      "module": "module.start_ec2_instances",
      "mode": "data",
      "type": "aws_region",
      "name": "this",
      "provider": "provider[\"registry.terraform.io/hashicorp/aws\"]",
      "instances": [
        {
          "schema_version": 0,
          "attributes": {
            "description": "Europe (Ireland)",
            "endpoint": "ec2.eu-west-1.amazonaws.com",
            "id": "eu-west-1",
            "name": "eu-west-1"
          },
          "sensitive_attributes": []
        }
      ]
    },
    {
      "module": "module.start_ec2_instances",
      "mode": "managed",
      "type": "aws_cloudwatch_event_rule",
      "name": "this",
      "provider": "provider[\"registry.terraform.io/hashicorp/aws\"]",
      "instances": [
        {
          "schema_version": 0,
          "attributes": {
            "arn": "arn:aws:events:eu-west-1:266049037585:rule/StartEc2Instances",
            "description": "",
            "event_bus_name": "default",
            "event_pattern": null,
            "id": "StartEc2Instances",
            "is_enabled": true,
            "name": "StartEc2Instances",
            "name_prefix": "",
            "role_arn": "",
            "schedule_expression": "cron(0 10 * * ? *)",
            "tags": {
              "Name": "startEc2Instance"
            },
            "tags_all": {
              "Name": "startEc2Instance"
            }
          },
          "sensitive_attributes": [],
          "private": "bnVsbA=="
        }
      ]
    },
    {
      "module": "module.start_ec2_instances",
      "mode": "managed",
      "type": "aws_cloudwatch_event_target",
      "name": "this",
      "provider": "provider[\"registry.terraform.io/hashicorp/aws\"]",
      "instances": [
        {
          "schema_version": 1,
          "attributes": {
            "arn": "arn:aws:lambda:eu-west-1:266049037585:function:StartEc2Instances",
            "batch_target": [],
            "dead_letter_config": [],
            "ecs_target": [],
            "event_bus_name": "default",
            "http_target": [],
            "id": "StartEc2Instances-terraform-20230506161120865300000002",
            "input": "",
            "input_path": "",
            "input_transformer": [],
            "kinesis_target": [],
            "redshift_target": [],
            "retry_policy": [],
            "role_arn": "",
            "rule": "StartEc2Instances",
            "run_command_targets": [],
            "sqs_target": [],
            "target_id": "terraform-20230506161120865300000002"
          },
          "sensitive_attributes": [],
          "private": "eyJzY2hlbWFfdmVyc2lvbiI6IjEifQ==",
          "dependencies": [
            "module.start_ec2_instances.aws_cloudwatch_event_rule.this",
            "module.start_ec2_instances.aws_iam_role.this",
            "module.start_ec2_instances.aws_lambda_function.this",
            "module.start_ec2_instances.data.archive_file.this",
            "module.start_ec2_instances.data.aws_region.this",
            "module.start_ec2_instances.null_resource.package_lambda_code"
          ]
        }
      ]
    },
    {
      "module": "module.start_ec2_instances",
      "mode": "managed",
      "type": "aws_cloudwatch_log_group",
      "name": "this",
      "provider": "provider[\"registry.terraform.io/hashicorp/aws\"]",
      "instances": [
        {
          "schema_version": 0,
          "attributes": {
            "arn": "arn:aws:logs:eu-west-1:266049037585:log-group:/aws/lambda/StartEc2Instances",
            "id": "/aws/lambda/StartEc2Instances",
            "kms_key_id": "",
            "name": "/aws/lambda/StartEc2Instances",
            "name_prefix": "",
            "retention_in_days": 7,
            "skip_destroy": false,
            "tags": {
              "Name": "startEc2Instance"
            },
            "tags_all": {
              "Name": "startEc2Instance"
            }
          },
          "sensitive_attributes": [],
          "private": "bnVsbA=="
        }
      ]
    },
    {
      "module": "module.start_ec2_instances",
      "mode": "managed",
      "type": "aws_iam_role",
      "name": "this",
      "provider": "provider[\"registry.terraform.io/hashicorp/aws\"]",
      "instances": [
        {
          "index_key": 0,
          "schema_version": 0,
          "attributes": {
            "arn": "arn:aws:iam::266049037585:role/StartEc2InstancesIamRole",
            "assume_role_policy": "{\"Statement\":[{\"Action\":\"sts:AssumeRole\",\"Effect\":\"Allow\",\"Principal\":{\"Service\":\"lambda.amazonaws.com\"},\"Sid\":\"\"}],\"Version\":\"2012-10-17\"}",
            "create_date": "2023-05-06T16:10:37Z",
            "description": "",
            "force_detach_policies": false,
            "id": "StartEc2InstancesIamRole",
            "inline_policy": [
              {
                "name": "StartEc2InstancesDescribeAutoScalingInstancesPolicy",
                "policy": "{\"Version\":\"2012-10-17\",\"Statement\":[{\"Action\":[\"autoscaling:DescribeAutoScalingInstances\"],\"Effect\":\"Allow\",\"Resource\":\"*\"}]}"
              },
              {
                "name": "StartEc2InstancesPushLogsToCloudwatchPolicy",
                "policy": "{\"Version\":\"2012-10-17\",\"Statement\":[{\"Action\":[\"logs:CreateLogStream\",\"logs:PutLogEvents\"],\"Effect\":\"Allow\",\"Resource\":\"arn:aws:logs:eu-west-1:266049037585:log-group:/aws/lambda/StartEc2Instances:*\"}]}"
              },
              {
                "name": "StartEc2InstancesStartEc2InstancesPolicy",
                "policy": "{\"Version\":\"2012-10-17\",\"Statement\":[{\"Action\":[\"ec2:DescribeInstances\",\"ec2:StartInstances\"],\"Effect\":\"Allow\",\"Resource\":\"*\"}]}"
              }
            ],
            "managed_policy_arns": [],
            "max_session_duration": 3600,
            "name": "StartEc2InstancesIamRole",
            "name_prefix": "",
            "path": "/",
            "permissions_boundary": null,
            "role_last_used": [
              {
                "last_used_date": "",
                "region": ""
              }
            ],
            "tags": {
              "Name": "startEc2Instance"
            },
            "tags_all": {
              "Name": "startEc2Instance"
            },
            "unique_id": "AROAT34OCEUI72WHIRWJU"
          },
          "sensitive_attributes": [],
          "private": "bnVsbA=="
        }
      ]
    },
    {
      "module": "module.start_ec2_instances",
      "mode": "managed",
      "type": "aws_iam_role_policy",
      "name": "this_autoscaling_describe_instances",
      "provider": "provider[\"registry.terraform.io/hashicorp/aws\"]",
      "instances": [
        {
          "index_key": 0,
          "schema_version": 0,
          "attributes": {
            "id": "StartEc2InstancesIamRole:StartEc2InstancesDescribeAutoScalingInstancesPolicy",
            "name": "StartEc2InstancesDescribeAutoScalingInstancesPolicy",
            "name_prefix": null,
            "policy": "{\"Version\":\"2012-10-17\",\"Statement\":[{\"Action\":[\"autoscaling:DescribeAutoScalingInstances\"],\"Effect\":\"Allow\",\"Resource\":\"*\"}]}",
            "role": "StartEc2InstancesIamRole"
          },
          "sensitive_attributes": [],
          "private": "bnVsbA==",
          "dependencies": [
            "module.start_ec2_instances.aws_iam_role.this"
          ]
        }
      ]
    },
    {
      "module": "module.start_ec2_instances",
      "mode": "managed",
      "type": "aws_iam_role_policy",
      "name": "this_ec2_start_instances",
      "provider": "provider[\"registry.terraform.io/hashicorp/aws\"]",
      "instances": [
        {
          "index_key": 0,
          "schema_version": 0,
          "attributes": {
            "id": "StartEc2InstancesIamRole:StartEc2InstancesStartEc2InstancesPolicy",
            "name": "StartEc2InstancesStartEc2InstancesPolicy",
            "name_prefix": null,
            "policy": "{\"Version\":\"2012-10-17\",\"Statement\":[{\"Action\":[\"ec2:DescribeInstances\",\"ec2:StartInstances\"],\"Effect\":\"Allow\",\"Resource\":\"*\"}]}",
            "role": "StartEc2InstancesIamRole"
          },
          "sensitive_attributes": [],
          "private": "bnVsbA==",
          "dependencies": [
            "module.start_ec2_instances.aws_iam_role.this"
          ]
        }
      ]
    },
    {
      "module": "module.start_ec2_instances",
      "mode": "managed",
      "type": "aws_iam_role_policy",
      "name": "this_logs_put_events",
      "provider": "provider[\"registry.terraform.io/hashicorp/aws\"]",
      "instances": [
        {
          "index_key": 0,
          "schema_version": 0,
          "attributes": {
            "id": "StartEc2InstancesIamRole:StartEc2InstancesPushLogsToCloudwatchPolicy",
            "name": "StartEc2InstancesPushLogsToCloudwatchPolicy",
            "name_prefix": null,
            "policy": "{\"Version\":\"2012-10-17\",\"Statement\":[{\"Action\":[\"logs:CreateLogStream\",\"logs:PutLogEvents\"],\"Effect\":\"Allow\",\"Resource\":\"arn:aws:logs:eu-west-1:266049037585:log-group:/aws/lambda/StartEc2Instances:*\"}]}",
            "role": "StartEc2InstancesIamRole"
          },
          "sensitive_attributes": [],
          "private": "bnVsbA==",
          "dependencies": [
            "module.start_ec2_instances.aws_cloudwatch_log_group.this",
            "module.start_ec2_instances.aws_iam_role.this"
          ]
        }
      ]
    },
    {
      "module": "module.start_ec2_instances",
      "mode": "managed",
      "type": "aws_lambda_function",
      "name": "this",
      "provider": "provider[\"registry.terraform.io/hashicorp/aws\"]",
      "instances": [
        {
          "schema_version": 0,
          "attributes": {
            "architectures": [
              "x86_64"
            ],
            "arn": "arn:aws:lambda:eu-west-1:266049037585:function:StartEc2Instances",
            "code_signing_config_arn": "",
            "dead_letter_config": [],
            "description": "",
            "environment": [
              {
                "variables": {
                  "PARAM_ACTION": "start",
                  "PARAM_AWS_REGIONS": "eu-west-1",
                  "PARAM_RESOURCE_TAG_KEY": "Name",
                  "PARAM_RESOURCE_TAG_VALUE": "chama_api_server_dev",
                  "PYTHONPATH": "./dist-packages"
                }
              }
            ],
            "ephemeral_storage": [
              {
                "size": 512
              }
            ],
            "file_system_config": [],
            "filename": ".terraform/modules/start_ec2_instances/dist/lambda-code.zip",
            "function_name": "StartEc2Instances",
            "handler": "main.lambda_handler",
            "id": "StartEc2Instances",
            "image_config": [],
            "image_uri": "",
            "invoke_arn": "arn:aws:apigateway:eu-west-1:lambda:path/2015-03-31/functions/arn:aws:lambda:eu-west-1:266049037585:function:StartEc2Instances/invocations",
            "kms_key_arn": "",
            "last_modified": "2023-05-06T16:11:21.607+0000",
            "layers": [],
            "memory_size": 128,
            "package_type": "Zip",
            "publish": false,
            "qualified_arn": "arn:aws:lambda:eu-west-1:266049037585:function:StartEc2Instances:$LATEST",
            "qualified_invoke_arn": "arn:aws:apigateway:eu-west-1:lambda:path/2015-03-31/functions/arn:aws:lambda:eu-west-1:266049037585:function:StartEc2Instances:$LATEST/invocations",
            "replace_security_groups_on_destroy": null,
            "replacement_security_group_ids": null,
            "reserved_concurrent_executions": -1,
            "role": "arn:aws:iam::266049037585:role/StartEc2InstancesIamRole",
            "runtime": "python3.8",
            "s3_bucket": null,
            "s3_key": null,
            "s3_object_version": null,
            "signing_job_arn": "",
            "signing_profile_version_arn": "",
            "skip_destroy": false,
            "snap_start": [],
            "source_code_hash": "tI//d0KIDuR2jrtN11euWOZxIJOUHeeQbCyR/BGcXWk=",
            "source_code_size": 2399,
            "tags": {
              "Name": "startEc2Instance"
            },
            "tags_all": {
              "Name": "startEc2Instance"
            },
            "timeout": 300,
            "timeouts": null,
            "tracing_config": [
              {
                "mode": "PassThrough"
              }
            ],
            "version": "$LATEST",
            "vpc_config": []
          },
          "sensitive_attributes": [],
          "private": "eyJlMmJmYjczMC1lY2FhLTExZTYtOGY4OC0zNDM2M2JjN2M0YzAiOnsiY3JlYXRlIjo2MDAwMDAwMDAwMDAsImRlbGV0ZSI6NjAwMDAwMDAwMDAwLCJ1cGRhdGUiOjYwMDAwMDAwMDAwMH19",
          "dependencies": [
            "module.start_ec2_instances.aws_iam_role.this",
            "module.start_ec2_instances.data.archive_file.this",
            "module.start_ec2_instances.data.aws_region.this",
            "module.start_ec2_instances.null_resource.package_lambda_code"
          ]
        }
      ]
    },
    {
      "module": "module.start_ec2_instances",
      "mode": "managed",
      "type": "aws_lambda_permission",
      "name": "this",
      "provider": "provider[\"registry.terraform.io/hashicorp/aws\"]",
      "instances": [
        {
          "schema_version": 0,
          "attributes": {
            "action": "lambda:InvokeFunction",
            "event_source_token": null,
            "function_name": "StartEc2Instances",
            "function_url_auth_type": null,
            "id": "AllowExecutionFromCloudWatch",
            "principal": "events.amazonaws.com",
            "principal_org_id": null,
            "qualifier": "",
            "source_account": null,
            "source_arn": "arn:aws:events:eu-west-1:266049037585:rule/StartEc2Instances",
            "statement_id": "AllowExecutionFromCloudWatch",
            "statement_id_prefix": ""
          },
          "sensitive_attributes": [],
          "private": "bnVsbA==",
          "dependencies": [
            "module.start_ec2_instances.aws_cloudwatch_event_rule.this",
            "module.start_ec2_instances.aws_iam_role.this",
            "module.start_ec2_instances.aws_lambda_function.this",
            "module.start_ec2_instances.data.archive_file.this",
            "module.start_ec2_instances.data.aws_region.this",
            "module.start_ec2_instances.null_resource.package_lambda_code"
          ]
        }
      ]
    },
    {
      "module": "module.start_ec2_instances",
      "mode": "managed",
      "type": "null_resource",
      "name": "package_lambda_code",
      "provider": "provider[\"registry.terraform.io/hashicorp/null\"]",
      "instances": [
        {
          "schema_version": 0,
          "attributes": {
            "id": "6421461368327090688",
            "triggers": null
          },
          "sensitive_attributes": []
        }
      ]
    },
    {
      "module": "module.stop_ec2_instances",
      "mode": "data",
      "type": "archive_file",
      "name": "this",
      "provider": "provider[\"registry.terraform.io/hashicorp/archive\"]",
      "instances": [
        {
          "schema_version": 0,
          "attributes": {
            "excludes": null,
            "id": "62796abc5eccbbff2b0861ecc6baa853703075e1",
            "output_base64sha256": "tI//d0KIDuR2jrtN11euWOZxIJOUHeeQbCyR/BGcXWk=",
            "output_file_mode": null,
            "output_md5": "e546b4717122a255783c10a80f33252f",
            "output_path": ".terraform/modules/stop_ec2_instances/dist/lambda-code.zip",
            "output_sha": "62796abc5eccbbff2b0861ecc6baa853703075e1",
            "output_size": 2399,
            "source": [],
            "source_content": null,
            "source_content_filename": null,
            "source_dir": ".terraform/modules/stop_ec2_instances/lambda_function/dist/",
            "source_file": null,
            "type": "zip"
          },
          "sensitive_attributes": []
        }
      ]
    },
    {
      "module": "module.stop_ec2_instances",
      "mode": "data",
      "type": "aws_region",
      "name": "this",
      "provider": "provider[\"registry.terraform.io/hashicorp/aws\"]",
      "instances": [
        {
          "schema_version": 0,
          "attributes": {
            "description": "Europe (Ireland)",
            "endpoint": "ec2.eu-west-1.amazonaws.com",
            "id": "eu-west-1",
            "name": "eu-west-1"
          },
          "sensitive_attributes": []
        }
      ]
    },
    {
      "module": "module.stop_ec2_instances",
      "mode": "managed",
      "type": "aws_cloudwatch_event_rule",
      "name": "this",
      "provider": "provider[\"registry.terraform.io/hashicorp/aws\"]",
      "instances": [
        {
          "schema_version": 0,
          "attributes": {
            "arn": "arn:aws:events:eu-west-1:266049037585:rule/StopEc2Instances",
            "description": "",
            "event_bus_name": "default",
            "event_pattern": null,
            "id": "StopEc2Instances",
            "is_enabled": true,
            "name": "StopEc2Instances",
            "name_prefix": "",
            "role_arn": "",
            "schedule_expression": "cron(0 20 * * ? *)",
            "tags": {
              "Name": "stopEc2Instance"
            },
            "tags_all": {
              "Name": "stopEc2Instance"
            }
          },
          "sensitive_attributes": [],
          "private": "bnVsbA=="
        }
      ]
    },
    {
      "module": "module.stop_ec2_instances",
      "mode": "managed",
      "type": "aws_cloudwatch_event_target",
      "name": "this",
      "provider": "provider[\"registry.terraform.io/hashicorp/aws\"]",
      "instances": [
        {
          "schema_version": 1,
          "attributes": {
            "arn": "arn:aws:lambda:eu-west-1:266049037585:function:StopEc2Instances",
            "batch_target": [],
            "dead_letter_config": [],
            "ecs_target": [],
            "event_bus_name": "default",
            "http_target": [],
            "id": "StopEc2Instances-terraform-20230506161321159300000001",
            "input": "",
            "input_path": "",
            "input_transformer": [],
            "kinesis_target": [],
            "redshift_target": [],
            "retry_policy": [],
            "role_arn": "",
            "rule": "StopEc2Instances",
            "run_command_targets": [],
            "sqs_target": [],
            "target_id": "terraform-20230506161321159300000001"
          },
          "sensitive_attributes": [],
          "private": "eyJzY2hlbWFfdmVyc2lvbiI6IjEifQ==",
          "dependencies": [
            "module.stop_ec2_instances.aws_cloudwatch_event_rule.this",
            "module.stop_ec2_instances.aws_iam_role.this",
            "module.stop_ec2_instances.aws_lambda_function.this",
            "module.stop_ec2_instances.data.archive_file.this",
            "module.stop_ec2_instances.data.aws_region.this",
            "module.stop_ec2_instances.null_resource.package_lambda_code"
          ]
        }
      ]
    },
    {
      "module": "module.stop_ec2_instances",
      "mode": "managed",
      "type": "aws_cloudwatch_log_group",
      "name": "this",
      "provider": "provider[\"registry.terraform.io/hashicorp/aws\"]",
      "instances": [
        {
          "schema_version": 0,
          "attributes": {
            "arn": "arn:aws:logs:eu-west-1:266049037585:log-group:/aws/lambda/StopEc2Instances",
            "id": "/aws/lambda/StopEc2Instances",
            "kms_key_id": "",
            "name": "/aws/lambda/StopEc2Instances",
            "name_prefix": "",
            "retention_in_days": 7,
            "skip_destroy": false,
            "tags": {
              "Name": "stopEc2Instance"
            },
            "tags_all": {
              "Name": "stopEc2Instance"
            }
          },
          "sensitive_attributes": [],
          "private": "bnVsbA=="
        }
      ]
    },
    {
      "module": "module.stop_ec2_instances",
      "mode": "managed",
      "type": "aws_iam_role",
      "name": "this",
      "provider": "provider[\"registry.terraform.io/hashicorp/aws\"]",
      "instances": [
        {
          "index_key": 0,
          "schema_version": 0,
          "attributes": {
            "arn": "arn:aws:iam::266049037585:role/StopEc2InstancesIamRole",
            "assume_role_policy": "{\"Statement\":[{\"Action\":\"sts:AssumeRole\",\"Effect\":\"Allow\",\"Principal\":{\"Service\":\"lambda.amazonaws.com\"},\"Sid\":\"\"}],\"Version\":\"2012-10-17\"}",
            "create_date": "2023-05-06T16:10:37Z",
            "description": "",
            "force_detach_policies": false,
            "id": "StopEc2InstancesIamRole",
            "inline_policy": [
              {
                "name": "StopEc2InstancesDescribeAutoScalingInstancesPolicy",
                "policy": "{\"Version\":\"2012-10-17\",\"Statement\":[{\"Action\":[\"autoscaling:DescribeAutoScalingInstances\"],\"Effect\":\"Allow\",\"Resource\":\"*\"}]}"
              },
              {
                "name": "StopEc2InstancesPushLogsToCloudwatchPolicy",
                "policy": "{\"Version\":\"2012-10-17\",\"Statement\":[{\"Action\":[\"logs:CreateLogStream\",\"logs:PutLogEvents\"],\"Effect\":\"Allow\",\"Resource\":\"arn:aws:logs:eu-west-1:266049037585:log-group:/aws/lambda/StopEc2Instances:*\"}]}"
              },
              {
                "name": "StopEc2InstancesStopEc2InstancesPolicy",
                "policy": "{\"Version\":\"2012-10-17\",\"Statement\":[{\"Action\":[\"ec2:DescribeInstances\",\"ec2:StopInstances\"],\"Effect\":\"Allow\",\"Resource\":\"*\"}]}"
              }
            ],
            "managed_policy_arns": [],
            "max_session_duration": 3600,
            "name": "StopEc2InstancesIamRole",
            "name_prefix": "",
            "path": "/",
            "permissions_boundary": null,
            "role_last_used": [
              {
                "last_used_date": "",
                "region": ""
              }
            ],
            "tags": {
              "Name": "stopEc2Instance"
            },
            "tags_all": {
              "Name": "stopEc2Instance"
            },
            "unique_id": "AROAT34OCEUIRVSJ6HABX"
          },
          "sensitive_attributes": [],
          "private": "bnVsbA=="
        }
      ]
    },
    {
      "module": "module.stop_ec2_instances",
      "mode": "managed",
      "type": "aws_iam_role_policy",
      "name": "this_autoscaling_describe_instances",
      "provider": "provider[\"registry.terraform.io/hashicorp/aws\"]",
      "instances": [
        {
          "index_key": 0,
          "schema_version": 0,
          "attributes": {
            "id": "StopEc2InstancesIamRole:StopEc2InstancesDescribeAutoScalingInstancesPolicy",
            "name": "StopEc2InstancesDescribeAutoScalingInstancesPolicy",
            "name_prefix": null,
            "policy": "{\"Version\":\"2012-10-17\",\"Statement\":[{\"Action\":[\"autoscaling:DescribeAutoScalingInstances\"],\"Effect\":\"Allow\",\"Resource\":\"*\"}]}",
            "role": "StopEc2InstancesIamRole"
          },
          "sensitive_attributes": [],
          "private": "bnVsbA==",
          "dependencies": [
            "module.stop_ec2_instances.aws_iam_role.this"
          ]
        }
      ]
    },
    {
      "module": "module.stop_ec2_instances",
      "mode": "managed",
      "type": "aws_iam_role_policy",
      "name": "this_ec2_stop_instances",
      "provider": "provider[\"registry.terraform.io/hashicorp/aws\"]",
      "instances": [
        {
          "index_key": 0,
          "schema_version": 0,
          "attributes": {
            "id": "StopEc2InstancesIamRole:StopEc2InstancesStopEc2InstancesPolicy",
            "name": "StopEc2InstancesStopEc2InstancesPolicy",
            "name_prefix": null,
            "policy": "{\"Version\":\"2012-10-17\",\"Statement\":[{\"Action\":[\"ec2:DescribeInstances\",\"ec2:StopInstances\"],\"Effect\":\"Allow\",\"Resource\":\"*\"}]}",
            "role": "StopEc2InstancesIamRole"
          },
          "sensitive_attributes": [],
          "private": "bnVsbA==",
          "dependencies": [
            "module.stop_ec2_instances.aws_iam_role.this"
          ]
        }
      ]
    },
    {
      "module": "module.stop_ec2_instances",
      "mode": "managed",
      "type": "aws_iam_role_policy",
      "name": "this_logs_put_events",
      "provider": "provider[\"registry.terraform.io/hashicorp/aws\"]",
      "instances": [
        {
          "index_key": 0,
          "schema_version": 0,
          "attributes": {
            "id": "StopEc2InstancesIamRole:StopEc2InstancesPushLogsToCloudwatchPolicy",
            "name": "StopEc2InstancesPushLogsToCloudwatchPolicy",
            "name_prefix": null,
            "policy": "{\"Version\":\"2012-10-17\",\"Statement\":[{\"Action\":[\"logs:CreateLogStream\",\"logs:PutLogEvents\"],\"Effect\":\"Allow\",\"Resource\":\"arn:aws:logs:eu-west-1:266049037585:log-group:/aws/lambda/StopEc2Instances:*\"}]}",
            "role": "StopEc2InstancesIamRole"
          },
          "sensitive_attributes": [],
          "private": "bnVsbA==",
          "dependencies": [
            "module.stop_ec2_instances.aws_cloudwatch_log_group.this",
            "module.stop_ec2_instances.aws_iam_role.this"
          ]
        }
      ]
    },
    {
      "module": "module.stop_ec2_instances",
      "mode": "managed",
      "type": "aws_lambda_function",
      "name": "this",
      "provider": "provider[\"registry.terraform.io/hashicorp/aws\"]",
      "instances": [
        {
          "schema_version": 0,
          "attributes": {
            "architectures": [
              "x86_64"
            ],
            "arn": "arn:aws:lambda:eu-west-1:266049037585:function:StopEc2Instances",
            "code_signing_config_arn": "",
            "dead_letter_config": [],
            "description": "",
            "environment": [
              {
                "variables": {
                  "PARAM_ACTION": "stop",
                  "PARAM_AWS_REGIONS": "eu-west-1",
                  "PARAM_RESOURCE_TAG_KEY": "Name",
                  "PARAM_RESOURCE_TAG_VALUE": "chama_api_server_dev",
                  "PYTHONPATH": "./dist-packages"
                }
              }
            ],
            "ephemeral_storage": [
              {
                "size": 512
              }
            ],
            "file_system_config": [],
            "filename": ".terraform/modules/stop_ec2_instances/dist/lambda-code.zip",
            "function_name": "StopEc2Instances",
            "handler": "main.lambda_handler",
            "id": "StopEc2Instances",
            "image_config": [],
            "image_uri": "",
            "invoke_arn": "arn:aws:apigateway:eu-west-1:lambda:path/2015-03-31/functions/arn:aws:lambda:eu-west-1:266049037585:function:StopEc2Instances/invocations",
            "kms_key_arn": "",
            "last_modified": "2023-05-06T16:13:21.935+0000",
            "layers": [],
            "memory_size": 128,
            "package_type": "Zip",
            "publish": false,
            "qualified_arn": "arn:aws:lambda:eu-west-1:266049037585:function:StopEc2Instances:$LATEST",
            "qualified_invoke_arn": "arn:aws:apigateway:eu-west-1:lambda:path/2015-03-31/functions/arn:aws:lambda:eu-west-1:266049037585:function:StopEc2Instances:$LATEST/invocations",
            "replace_security_groups_on_destroy": null,
            "replacement_security_group_ids": null,
            "reserved_concurrent_executions": -1,
            "role": "arn:aws:iam::266049037585:role/StopEc2InstancesIamRole",
            "runtime": "python3.8",
            "s3_bucket": null,
            "s3_key": null,
            "s3_object_version": null,
            "signing_job_arn": "",
            "signing_profile_version_arn": "",
            "skip_destroy": false,
            "snap_start": [],
            "source_code_hash": "tI//d0KIDuR2jrtN11euWOZxIJOUHeeQbCyR/BGcXWk=",
            "source_code_size": 2399,
            "tags": {
              "Name": "stopEc2Instance"
            },
            "tags_all": {
              "Name": "stopEc2Instance"
            },
            "timeout": 300,
            "timeouts": null,
            "tracing_config": [
              {
                "mode": "PassThrough"
              }
            ],
            "version": "$LATEST",
            "vpc_config": []
          },
          "sensitive_attributes": [],
          "private": "eyJlMmJmYjczMC1lY2FhLTExZTYtOGY4OC0zNDM2M2JjN2M0YzAiOnsiY3JlYXRlIjo2MDAwMDAwMDAwMDAsImRlbGV0ZSI6NjAwMDAwMDAwMDAwLCJ1cGRhdGUiOjYwMDAwMDAwMDAwMH19",
          "dependencies": [
            "module.stop_ec2_instances.aws_iam_role.this",
            "module.stop_ec2_instances.data.archive_file.this",
            "module.stop_ec2_instances.data.aws_region.this",
            "module.stop_ec2_instances.null_resource.package_lambda_code"
          ]
        }
      ]
    },
    {
      "module": "module.stop_ec2_instances",
      "mode": "managed",
      "type": "aws_lambda_permission",
      "name": "this",
      "provider": "provider[\"registry.terraform.io/hashicorp/aws\"]",
      "instances": [
        {
          "schema_version": 0,
          "attributes": {
            "action": "lambda:InvokeFunction",
            "event_source_token": null,
            "function_name": "StopEc2Instances",
            "function_url_auth_type": null,
            "id": "AllowExecutionFromCloudWatch",
            "principal": "events.amazonaws.com",
            "principal_org_id": null,
            "qualifier": "",
            "source_account": null,
            "source_arn": "arn:aws:events:eu-west-1:266049037585:rule/StopEc2Instances",
            "statement_id": "AllowExecutionFromCloudWatch",
            "statement_id_prefix": ""
          },
          "sensitive_attributes": [],
          "private": "bnVsbA==",
          "dependencies": [
            "module.stop_ec2_instances.aws_cloudwatch_event_rule.this",
            "module.stop_ec2_instances.aws_iam_role.this",
            "module.stop_ec2_instances.aws_lambda_function.this",
            "module.stop_ec2_instances.data.archive_file.this",
            "module.stop_ec2_instances.data.aws_region.this",
            "module.stop_ec2_instances.null_resource.package_lambda_code"
          ]
        }
      ]
    },
    {
      "module": "module.stop_ec2_instances",
      "mode": "managed",
      "type": "null_resource",
      "name": "package_lambda_code",
      "provider": "provider[\"registry.terraform.io/hashicorp/null\"]",
      "instances": [
        {
          "schema_version": 0,
          "attributes": {
            "id": "6726743235291167546",
            "triggers": null
          },
          "sensitive_attributes": []
        }
      ]
    }
  ],
  "check_results": null
}
